{
  "name": "HNServices",
  "lockfileVersion": 2,
  "requires": true,
  "packages": {
    "": {
      "dependencies": {
        "sweetalert2": "^11.0.20"
      }
    },
    "node_modules/sweetalert2": {
      "version": "11.0.20",
      "resolved": "https://registry.npmjs.org/sweetalert2/-/sweetalert2-11.0.20.tgz",
      "integrity": "sha512-htNVn/7IDNfqSLo8m50s0Y7FkgAjng7NnQbvi5p1e4ydxByjiiNgpWhSThgiCRFYMzIaSEuOam2d4Sq9FbVyfA==",
      "funding": {
        "url": "https://sweetalert2.github.io/#donations"
      }
    }
  },
  "dependencies": {
    "sweetalert2": {
      "version": "11.0.20",
      "resolved": "https://registry.npmjs.org/sweetalert2/-/sweetalert2-11.0.20.tgz",
      "integrity": "sha512-htNVn/7IDNfqSLo8m50s0Y7FkgAjng7NnQbvi5p1e4ydxByjiiNgpWhSThgiCRFYMzIaSEuOam2d4Sq9FbVyfA=="
    }
  }
}
